// !$*UTF8*$!
{
	archiveVersion = 1;
	classes = {
	};
	objectVersion = 48;
	objects = {

/* Begin PBXBuildFile section */
		6967EF6420004AF4002E7D21 /* DemoNavigator.swift in Sources */ = {isa = PBXBuildFile; fileRef = 6967EF6320004AF4002E7D21 /* DemoNavigator.swift */; };
		6967EF6A20005371002E7D21 /* SceneExtensionList.swift in Sources */ = {isa = PBXBuildFile; fileRef = 6967EF6920005371002E7D21 /* SceneExtensionList.swift */; };
		697448F920004083007BC65F /* AppDelegate.swift in Sources */ = {isa = PBXBuildFile; fileRef = 697448F820004083007BC65F /* AppDelegate.swift */; };
		6974490020004083007BC65F /* Assets.xcassets in Resources */ = {isa = PBXBuildFile; fileRef = 697448FF20004083007BC65F /* Assets.xcassets */; };
		6974490B20004095007BC65F /* LaunchScreen.xib in Resources */ = {isa = PBXBuildFile; fileRef = 6974490A20004095007BC65F /* LaunchScreen.xib */; };
		697449112000413C007BC65F /* MainViewController.swift in Sources */ = {isa = PBXBuildFile; fileRef = 6974490F2000413C007BC65F /* MainViewController.swift */; };
		697449122000413C007BC65F /* MainViewController.xib in Resources */ = {isa = PBXBuildFile; fileRef = 697449102000413C007BC65F /* MainViewController.xib */; };
		6974491520004193007BC65F /* PopupViewController.swift in Sources */ = {isa = PBXBuildFile; fileRef = 6974491320004193007BC65F /* PopupViewController.swift */; };
		6974491620004193007BC65F /* PopupViewController.xib in Resources */ = {isa = PBXBuildFile; fileRef = 6974491420004193007BC65F /* PopupViewController.xib */; };
/* End PBXBuildFile section */

/* Begin PBXCopyFilesBuildPhase section */
		6967EF5A200045C8002E7D21 /* Embed Frameworks */ = {
			isa = PBXCopyFilesBuildPhase;
			buildActionMask = 2147483647;
			dstPath = "";
			dstSubfolderSpec = 10;
			files = (
			);
			name = "Embed Frameworks";
			runOnlyForDeploymentPostprocessing = 0;
		};
/* End PBXCopyFilesBuildPhase section */

/* Begin PBXFileReference section */
		6967EF5B200045CA002E7D21 /* Direct.framework */ = {isa = PBXFileReference; lastKnownFileType = wrapper.framework; name = Direct.framework; path = "../../../../../../../Library/Developer/Xcode/DerivedData/Direct-affenfkpxirkbbdnvbqwjrrxepip/Build/Products/Debug-iphoneos/Direct.framework"; sourceTree = "<group>"; };
		6967EF6320004AF4002E7D21 /* DemoNavigator.swift */ = {isa = PBXFileReference; lastKnownFileType = sourcecode.swift; path = DemoNavigator.swift; sourceTree = "<group>"; };
		6967EF6920005371002E7D21 /* SceneExtensionList.swift */ = {isa = PBXFileReference; lastKnownFileType = sourcecode.swift; path = SceneExtensionList.swift; sourceTree = "<group>"; };
		697448F520004083007BC65F /* DirectDemo.app */ = {isa = PBXFileReference; explicitFileType = wrapper.application; includeInIndex = 0; path = DirectDemo.app; sourceTree = BUILT_PRODUCTS_DIR; };
		697448F820004083007BC65F /* AppDelegate.swift */ = {isa = PBXFileReference; lastKnownFileType = sourcecode.swift; path = AppDelegate.swift; sourceTree = "<group>"; };
		697448FF20004083007BC65F /* Assets.xcassets */ = {isa = PBXFileReference; lastKnownFileType = folder.assetcatalog; path = Assets.xcassets; sourceTree = "<group>"; };
		6974490420004083007BC65F /* Info.plist */ = {isa = PBXFileReference; lastKnownFileType = text.plist.xml; path = Info.plist; sourceTree = "<group>"; };
		6974490A20004095007BC65F /* LaunchScreen.xib */ = {isa = PBXFileReference; lastKnownFileType = file.xib; path = LaunchScreen.xib; sourceTree = "<group>"; };
		6974490F2000413C007BC65F /* MainViewController.swift */ = {isa = PBXFileReference; lastKnownFileType = sourcecode.swift; path = MainViewController.swift; sourceTree = "<group>"; };
		697449102000413C007BC65F /* MainViewController.xib */ = {isa = PBXFileReference; lastKnownFileType = file.xib; path = MainViewController.xib; sourceTree = "<group>"; };
		6974491320004193007BC65F /* PopupViewController.swift */ = {isa = PBXFileReference; lastKnownFileType = sourcecode.swift; path = PopupViewController.swift; sourceTree = "<group>"; };
		6974491420004193007BC65F /* PopupViewController.xib */ = {isa = PBXFileReference; lastKnownFileType = file.xib; path = PopupViewController.xib; sourceTree = "<group>"; };
/* End PBXFileReference section */

/* Begin PBXFrameworksBuildPhase section */
		697448F220004083007BC65F /* Frameworks */ = {
			isa = PBXFrameworksBuildPhase;
			buildActionMask = 2147483647;
			files = (
			);
			runOnlyForDeploymentPostprocessing = 0;
		};
/* End PBXFrameworksBuildPhase section */

/* Begin PBXGroup section */
		6967EF56200045BA002E7D21 /* Frameworks */ = {
			isa = PBXGroup;
			children = (
				6967EF5B200045CA002E7D21 /* Direct.framework */,
			);
			path = Frameworks;
			sourceTree = "<group>";
		};
		6967EF6220004ADA002E7D21 /* Navigation */ = {
			isa = PBXGroup;
			children = (
				6967EF6320004AF4002E7D21 /* DemoNavigator.swift */,
				6967EF6920005371002E7D21 /* SceneExtensionList.swift */,
			);
			path = Navigation;
			sourceTree = "<group>";
		};
		697448EC20004083007BC65F = {
			isa = PBXGroup;
			children = (
				697448F720004083007BC65F /* DirectDemo */,
				6967EF56200045BA002E7D21 /* Frameworks */,
				697448F620004083007BC65F /* Products */,
			);
			sourceTree = "<group>";
		};
		697448F620004083007BC65F /* Products */ = {
			isa = PBXGroup;
			children = (
				697448F520004083007BC65F /* DirectDemo.app */,
			);
			name = Products;
			sourceTree = "<group>";
		};
		697448F720004083007BC65F /* DirectDemo */ = {
			isa = PBXGroup;
			children = (
				6967EF6220004ADA002E7D21 /* Navigation */,
				6974490C2000411D007BC65F /* ViewControllers */,
				697448F820004083007BC65F /* AppDelegate.swift */,
				697448FF20004083007BC65F /* Assets.xcassets */,
				6974490A20004095007BC65F /* LaunchScreen.xib */,
				6974490420004083007BC65F /* Info.plist */,
			);
			path = DirectDemo;
			sourceTree = "<group>";
		};
		6974490C2000411D007BC65F /* ViewControllers */ = {
			isa = PBXGroup;
			children = (
				6974490D2000411D007BC65F /* Main */,
				6974490E2000411D007BC65F /* Popup */,
			);
			path = ViewControllers;
			sourceTree = "<group>";
		};
		6974490D2000411D007BC65F /* Main */ = {
			isa = PBXGroup;
			children = (
				6974490F2000413C007BC65F /* MainViewController.swift */,
				697449102000413C007BC65F /* MainViewController.xib */,
			);
			path = Main;
			sourceTree = "<group>";
		};
		6974490E2000411D007BC65F /* Popup */ = {
			isa = PBXGroup;
			children = (
				6974491320004193007BC65F /* PopupViewController.swift */,
				6974491420004193007BC65F /* PopupViewController.xib */,
			);
			path = Popup;
			sourceTree = "<group>";
		};
/* End PBXGroup section */

/* Begin PBXNativeTarget section */
		697448F420004083007BC65F /* DirectDemo */ = {
			isa = PBXNativeTarget;
			buildConfigurationList = 6974490720004083007BC65F /* Build configuration list for PBXNativeTarget "DirectDemo" */;
			buildPhases = (
				697448F120004083007BC65F /* Sources */,
				697448F220004083007BC65F /* Frameworks */,
				697448F320004083007BC65F /* Resources */,
				6967EF5A200045C8002E7D21 /* Embed Frameworks */,
			);
			buildRules = (
			);
			dependencies = (
			);
			name = DirectDemo;
			productName = DirectDemo;
			productReference = 697448F520004083007BC65F /* DirectDemo.app */;
			productType = "com.apple.product-type.application";
		};
/* End PBXNativeTarget section */

/* Begin PBXProject section */
		697448ED20004083007BC65F /* Project object */ = {
			isa = PBXProject;
			attributes = {
				LastSwiftUpdateCheck = 0920;
				LastUpgradeCheck = 0920;
				ORGANIZATIONNAME = "Igor Matyushkin";
				TargetAttributes = {
					697448F420004083007BC65F = {
						CreatedOnToolsVersion = 9.2;
						ProvisioningStyle = Automatic;
					};
				};
			};
			buildConfigurationList = 697448F020004083007BC65F /* Build configuration list for PBXProject "DirectDemo" */;
			compatibilityVersion = "Xcode 8.0";
			developmentRegion = en;
			hasScannedForEncodings = 0;
			knownRegions = (
				en,
				Base,
			);
			mainGroup = 697448EC20004083007BC65F;
			productRefGroup = 697448F620004083007BC65F /* Products */;
			projectDirPath = "";
			projectRoot = "";
			targets = (
				697448F420004083007BC65F /* DirectDemo */,
			);
		};
/* End PBXProject section */

/* Begin PBXResourcesBuildPhase section */
		697448F320004083007BC65F /* Resources */ = {
			isa = PBXResourcesBuildPhase;
			buildActionMask = 2147483647;
			files = (
				6974490B20004095007BC65F /* LaunchScreen.xib in Resources */,
				697449122000413C007BC65F /* MainViewController.xib in Resources */,
				6974490020004083007BC65F /* Assets.xcassets in Resources */,
				6974491620004193007BC65F /* PopupViewController.xib in Resources */,
			);
			runOnlyForDeploymentPostprocessing = 0;
		};
/* End PBXResourcesBuildPhase section */

/* Begin PBXSourcesBuildPhase section */
		697448F120004083007BC65F /* Sources */ = {
			isa = PBXSourcesBuildPhase;
			buildActionMask = 2147483647;
			files = (
				697448F920004083007BC65F /* AppDelegate.swift in Sources */,
				697449112000413C007BC65F /* MainViewController.swift in Sources */,
				6967EF6420004AF4002E7D21 /* DemoNavigator.swift in Sources */,
				6967EF6A20005371002E7D21 /* SceneExtensionList.swift in Sources */,
				6974491520004193007BC65F /* PopupViewController.swift in Sources */,
			);
			runOnlyForDeploymentPostprocessing = 0;
		};
/* End PBXSourcesBuildPhase section */

/* Begin XCBuildConfiguration section */
		6974490520004083007BC65F /* Debug */ = {
			isa = XCBuildConfiguration;
			buildSettings = {
				ALWAYS_SEARCH_USER_PATHS = NO;
				CLANG_ANALYZER_NONNULL = YES;
				CLANG_ANALYZER_NUMBER_OBJECT_CONVERSION = YES_AGGRESSIVE;
				CLANG_CXX_LANGUAGE_STANDARD = "gnu++14";
				CLANG_CXX_LIBRARY = "libc++";
				CLANG_ENABLE_MODULES = YES;
				CLANG_ENABLE_OBJC_ARC = YES;
				CLANG_WARN_BLOCK_CAPTURE_AUTORELEASING = YES;
				CLANG_WARN_BOOL_CONVERSION = YES;
				CLANG_WARN_COMMA = YES;
				CLANG_WARN_CONSTANT_CONVERSION = YES;
				CLANG_WARN_DIRECT_OBJC_ISA_USAGE = YES_ERROR;
				CLANG_WARN_DOCUMENTATION_COMMENTS = YES;
				CLANG_WARN_EMPTY_BODY = YES;
				CLANG_WARN_ENUM_CONVERSION = YES;
				CLANG_WARN_INFINITE_RECURSION = YES;
				CLANG_WARN_INT_CONVERSION = YES;
				CLANG_WARN_NON_LITERAL_NULL_CONVERSION = YES;
				CLANG_WARN_OBJC_LITERAL_CONVERSION = YES;
				CLANG_WARN_OBJC_ROOT_CLASS = YES_ERROR;
				CLANG_WARN_RANGE_LOOP_ANALYSIS = YES;
				CLANG_WARN_STRICT_PROTOTYPES = YES;
				CLANG_WARN_SUSPICIOUS_MOVE = YES;
				CLANG_WARN_UNGUARDED_AVAILABILITY = YES_AGGRESSIVE;
				CLANG_WARN_UNREACHABLE_CODE = YES;
				CLANG_WARN__DUPLICATE_METHOD_MATCH = YES;
				CODE_SIGN_IDENTITY = "iPhone Developer";
				COPY_PHASE_STRIP = NO;
				DEBUG_INFORMATION_FORMAT = dwarf;
				ENABLE_STRICT_OBJC_MSGSEND = YES;
				ENABLE_TESTABILITY = YES;
				GCC_C_LANGUAGE_STANDARD = gnu11;
				GCC_DYNAMIC_NO_PIC = NO;
				GCC_NO_COMMON_BLOCKS = YES;
				GCC_OPTIMIZATION_LEVEL = 0;
				GCC_PREPROCESSOR_DEFINITIONS = (
					"DEBUG=1",
					"$(inherited)",
				);
				GCC_WARN_64_TO_32_BIT_CONVERSION = YES;
				GCC_WARN_ABOUT_RETURN_TYPE = YES_ERROR;
				GCC_WARN_UNDECLARED_SELECTOR = YES;
				GCC_WARN_UNINITIALIZED_AUTOS = YES_AGGRESSIVE;
				GCC_WARN_UNUSED_FUNCTION = YES;
				GCC_WARN_UNUSED_VARIABLE = YES;
				IPHONEOS_DEPLOYMENT_TARGET = 11.2;
				MTL_ENABLE_DEBUG_INFO = YES;
				ONLY_ACTIVE_ARCH = YES;
				SDKROOT = iphoneos;
				SWIFT_ACTIVE_COMPILATION_CONDITIONS = DEBUG;
				SWIFT_OPTIMIZATION_LEVEL = "-Onone";
			};
			name = Debug;
		};
		6974490620004083007BC65F /* Release */ = {
			isa = XCBuildConfiguration;
			buildSettings = {
				ALWAYS_SEARCH_USER_PATHS = NO;
				CLANG_ANALYZER_NONNULL = YES;
				CLANG_ANALYZER_NUMBER_OBJECT_CONVERSION = YES_AGGRESSIVE;
				CLANG_CXX_LANGUAGE_STANDARD = "gnu++14";
				CLANG_CXX_LIBRARY = "libc++";
				CLANG_ENABLE_MODULES = YES;
				CLANG_ENABLE_OBJC_ARC = YES;
				CLANG_WARN_BLOCK_CAPTURE_AUTORELEASING = YES;
				CLANG_WARN_BOOL_CONVERSION = YES;
				CLANG_WARN_COMMA = YES;
				CLANG_WARN_CONSTANT_CONVERSION = YES;
				CLANG_WARN_DIRECT_OBJC_ISA_USAGE = YES_ERROR;
				CLANG_WARN_DOCUMENTATION_COMMENTS = YES;
				CLANG_WARN_EMPTY_BODY = YES;
				CLANG_WARN_ENUM_CONVERSION = YES;
				CLANG_WARN_INFINITE_RECURSION = YES;
				CLANG_WARN_INT_CONVERSION = YES;
				CLANG_WARN_NON_LITERAL_NULL_CONVERSION = YES;
				CLANG_WARN_OBJC_LITERAL_CONVERSION = YES;
				CLANG_WARN_OBJC_ROOT_CLASS = YES_ERROR;
				CLANG_WARN_RANGE_LOOP_ANALYSIS = YES;
				CLANG_WARN_STRICT_PROTOTYPES = YES;
				CLANG_WARN_SUSPICIOUS_MOVE = YES;
				CLANG_WARN_UNGUARDED_AVAILABILITY = YES_AGGRESSIVE;
				CLANG_WARN_UNREACHABLE_CODE = YES;
				CLANG_WARN__DUPLICATE_METHOD_MATCH = YES;
				CODE_SIGN_IDENTITY = "iPhone Developer";
				COPY_PHASE_STRIP = NO;
				DEBUG_INFORMATION_FORMAT = "dwarf-with-dsym";
				ENABLE_NS_ASSERTIONS = NO;
				ENABLE_STRICT_OBJC_MSGSEND = YES;
				GCC_C_LANGUAGE_STANDARD = gnu11;
				GCC_NO_COMMON_BLOCKS = YES;
				GCC_WARN_64_TO_32_BIT_CONVERSION = YES;
				GCC_WARN_ABOUT_RETURN_TYPE = YES_ERROR;
				GCC_WARN_UNDECLARED_SELECTOR = YES;
				GCC_WARN_UNINITIALIZED_AUTOS = YES_AGGRESSIVE;
				GCC_WARN_UNUSED_FUNCTION = YES;
				GCC_WARN_UNUSED_VARIABLE = YES;
				IPHONEOS_DEPLOYMENT_TARGET = 11.2;
				MTL_ENABLE_DEBUG_INFO = NO;
				SDKROOT = iphoneos;
				SWIFT_OPTIMIZATION_LEVEL = "-Owholemodule";
				VALIDATE_PRODUCT = YES;
			};
			name = Release;
		};
		6974490820004083007BC65F /* Debug */ = {
			isa = XCBuildConfiguration;
			buildSettings = {
				ASSETCATALOG_COMPILER_APPICON_NAME = AppIcon;
				CODE_SIGN_STYLE = Automatic;
				INFOPLIST_FILE = DirectDemo/Info.plist;
				IPHONEOS_DEPLOYMENT_TARGET = 9.0;
				LD_RUNPATH_SEARCH_PATHS = "$(inherited) @executable_path/Frameworks";
				PRODUCT_BUNDLE_IDENTIFIER = com.visuality.DirectDemo;
				PRODUCT_NAME = "$(TARGET_NAME)";
				SWIFT_VERSION = 4.0;
				TARGETED_DEVICE_FAMILY = "1,2";
			};
			name = Debug;
		};
		6974490920004083007BC65F /* Release */ = {
			isa = XCBuildConfiguration;
			buildSettings = {
				ASSETCATALOG_COMPILER_APPICON_NAME = AppIcon;
				CODE_SIGN_STYLE = Automatic;
				INFOPLIST_FILE = DirectDemo/Info.plist;
				IPHONEOS_DEPLOYMENT_TARGET = 9.0;
				LD_RUNPATH_SEARCH_PATHS = "$(inherited) @executable_path/Frameworks";
				PRODUCT_BUNDLE_IDENTIFIER = com.visuality.DirectDemo;
				PRODUCT_NAME = "$(TARGET_NAME)";
				SWIFT_VERSION = 4.0;
				TARGETED_DEVICE_FAMILY = "1,2";
			};
			name = Release;
		};
/* End XCBuildConfiguration section */

/* Begin XCConfigurationList section */
		697448F020004083007BC65F /* Build configuration list for PBXProject "DirectDemo" */ = {
			isa = XCConfigurationList;
			buildConfigurations = (
				6974490520004083007BC65F /* Debug */,
				6974490620004083007BC65F /* Release */,
			);
			defaultConfigurationIsVisible = 0;
			defaultConfigurationName = Release;
		};
		6974490720004083007BC65F /* Build configuration list for PBXNativeTarget "DirectDemo" */ = {
			isa = XCConfigurationList;
			buildConfigurations = (
				6974490820004083007BC65F /* Debug */,
				6974490920004083007BC65F /* Release */,
			);
			defaultConfigurationIsVisible = 0;
			defaultConfigurationName = Release;
		};
/* End XCConfigurationList section */
	};
	rootObject = 697448ED20004083007BC65F /* Project object */;
}
